
Microsoft Visual Studio Solution File, Format Version 12.00
Project("{FAE04EC0-301F-11D3-BF4B-00C04F79EFBC}") = "B03_02_Person", "B03_02_Person\B03_02_Person.csproj", "{91706649-5B92-4189-9792-8CCE73EBA6C5}"
EndProject
Project("{FAE04EC0-301F-11D3-BF4B-00C04F79EFBC}") = "B03_01_Fahrzeug", "B03_01_Fahrzeug\B03_01_Fahrzeug.csproj", "{5514D848-5E39-412F-AC27-81193BFE88D1}"
EndProject
Global
	GlobalSection(SolutionConfigurationPlatforms) = preSolution
		Debug|Any CPU = Debug|Any CPU
		Release|Any CPU = Release|Any CPU
	EndGlobalSection
	GlobalSection(ProjectConfigurationPlatforms) = postSolution
		{91706649-5B92-4189-9792-8CCE73EBA6C5}.Debug|Any CPU.ActiveCfg = Debug|Any CPU
		{91706649-5B92-4189-9792-8CCE73EBA6C5}.Debug|Any CPU.Build.0 = Debug|Any CPU
		{91706649-5B92-4189-9792-8CCE73EBA6C5}.Release|Any CPU.ActiveCfg = Release|Any CPU
		{91706649-5B92-4189-9792-8CCE73EBA6C5}.Release|Any CPU.Build.0 = Release|Any CPU
		{5514D848-5E39-412F-AC27-81193BFE88D1}.Debug|Any CPU.ActiveCfg = Debug|Any CPU
		{5514D848-5E39-412F-AC27-81193BFE88D1}.Debug|Any CPU.Build.0 = Debug|Any CPU
		{5514D848-5E39-412F-AC27-81193BFE88D1}.Release|Any CPU.ActiveCfg = Release|Any CPU
		{5514D848-5E39-412F-AC27-81193BFE88D1}.Release|Any CPU.Build.0 = Release|Any CPU
	EndGlobalSection
EndGlobal
