
Microsoft Visual Studio Solution File, Format Version 12.00
Project("{FAE04EC0-301F-11D3-BF4B-00C04F79EFBC}") = "B01_01_Immobilie", "B01_01_Immobilie\B01_01_Immobilie.csproj", "{C3E1C82A-FB96-4FBC-B3DC-6937FABC5F13}"
EndProject
Global
	GlobalSection(SolutionConfigurationPlatforms) = preSolution
		Debug|Any CPU = Debug|Any CPU
		Release|Any CPU = Release|Any CPU
	EndGlobalSection
	GlobalSection(ProjectConfigurationPlatforms) = postSolution
		{C3E1C82A-FB96-4FBC-B3DC-6937FABC5F13}.Debug|Any CPU.ActiveCfg = Debug|Any CPU
		{C3E1C82A-FB96-4FBC-B3DC-6937FABC5F13}.Debug|Any CPU.Build.0 = Debug|Any CPU
		{C3E1C82A-FB96-4FBC-B3DC-6937FABC5F13}.Release|Any CPU.ActiveCfg = Release|Any CPU
		{C3E1C82A-FB96-4FBC-B3DC-6937FABC5F13}.Release|Any CPU.Build.0 = Release|Any CPU
	EndGlobalSection
EndGlobal
