
Microsoft Visual Studio Solution File, Format Version 12.00
Project("{FAE04EC0-301F-11D3-BF4B-00C04F79EFBC}") = "K02_01_HelloWorld", "K02_01_HelloWorld\K02_01_HelloWorld.csproj", "{0B6C776C-8DE5-4F01-BD2A-DA343A6D405C}"
EndProject
Global
	GlobalSection(SolutionConfigurationPlatforms) = preSolution
		Debug|Any CPU = Debug|Any CPU
		Release|Any CPU = Release|Any CPU
	EndGlobalSection
	GlobalSection(ProjectConfigurationPlatforms) = postSolution
		{0B6C776C-8DE5-4F01-BD2A-DA343A6D405C}.Debug|Any CPU.ActiveCfg = Debug|Any CPU
		{0B6C776C-8DE5-4F01-BD2A-DA343A6D405C}.Debug|Any CPU.Build.0 = Debug|Any CPU
		{0B6C776C-8DE5-4F01-BD2A-DA343A6D405C}.Release|Any CPU.ActiveCfg = Release|Any CPU
		{0B6C776C-8DE5-4F01-BD2A-DA343A6D405C}.Release|Any CPU.Build.0 = Release|Any CPU
	EndGlobalSection
EndGlobal
